
Microsoft Visual Studio Solution File, Format Version 12.00
# Visual Studio Version 17
VisualStudioVersion = 17.0.31423.177
MinimumVisualStudioVersion = 10.0.40219.1
Project("{FAE04EC0-301F-11D3-BF4B-00C04F79EFBC}") = "Update", "WpfUpdate\Update.csproj", "{B370FDB3-EADC-439F-A72A-223522FB49D9}"
EndProject
Project("{FAE04EC0-301F-11D3-BF4B-00C04F79EFBC}") = "WpfMainApp", "WpfMainApp\WpfMainApp.csproj", "{F85D0E9C-E546-4A45-9F7E-95CED8FFCBD2}"
EndProject
Project("{FAE04EC0-301F-11D3-BF4B-00C04F79EFBC}") = "Demo", "Demo\Demo.csproj", "{1C1C82A7-C1CE-4355-B993-5DF8A85069FC}"
EndProject
Global
	GlobalSection(SolutionConfigurationPlatforms) = preSolution
		Debug|Any CPU = Debug|Any CPU
		Release|Any CPU = Release|Any CPU
	EndGlobalSection
	GlobalSection(ProjectConfigurationPlatforms) = postSolution
		{B370FDB3-EADC-439F-A72A-223522FB49D9}.Debug|Any CPU.ActiveCfg = Debug|Any CPU
		{B370FDB3-EADC-439F-A72A-223522FB49D9}.Debug|Any CPU.Build.0 = Debug|Any CPU
		{B370FDB3-EADC-439F-A72A-223522FB49D9}.Release|Any CPU.ActiveCfg = Release|Any CPU
		{B370FDB3-EADC-439F-A72A-223522FB49D9}.Release|Any CPU.Build.0 = Release|Any CPU
		{F85D0E9C-E546-4A45-9F7E-95CED8FFCBD2}.Debug|Any CPU.ActiveCfg = Debug|Any CPU
		{F85D0E9C-E546-4A45-9F7E-95CED8FFCBD2}.Debug|Any CPU.Build.0 = Debug|Any CPU
		{F85D0E9C-E546-4A45-9F7E-95CED8FFCBD2}.Release|Any CPU.ActiveCfg = Release|Any CPU
		{F85D0E9C-E546-4A45-9F7E-95CED8FFCBD2}.Release|Any CPU.Build.0 = Release|Any CPU
		{1C1C82A7-C1CE-4355-B993-5DF8A85069FC}.Debug|Any CPU.ActiveCfg = Debug|Any CPU
		{1C1C82A7-C1CE-4355-B993-5DF8A85069FC}.Debug|Any CPU.Build.0 = Debug|Any CPU
		{1C1C82A7-C1CE-4355-B993-5DF8A85069FC}.Release|Any CPU.ActiveCfg = Release|Any CPU
		{1C1C82A7-C1CE-4355-B993-5DF8A85069FC}.Release|Any CPU.Build.0 = Release|Any CPU
	EndGlobalSection
	GlobalSection(SolutionProperties) = preSolution
		HideSolutionNode = FALSE
	EndGlobalSection
	GlobalSection(ExtensibilityGlobals) = postSolution
		SolutionGuid = {D080282C-763C-4E81-984A-D3EE1E424441}
	EndGlobalSection
EndGlobal
